
Microsoft Visual Studio Solution File, Format Version 12.00
# Visual Studio Version 16
VisualStudioVersion = 16.0.30320.27
MinimumVisualStudioVersion = 10.0.40219.1
Project("{FAE04EC0-301F-11D3-BF4B-00C04F79EFBC}") = "IllusionTest", "IllusionTest.csproj", "{B7FC8D76-29D6-48E7-8012-72094EE1E374}"
EndProject
Global
	GlobalSection(SolutionConfigurationPlatforms) = preSolution
		Debug|Any CPU = Debug|Any CPU
		Debug|x64 = Debug|x64
		Release|Any CPU = Release|Any CPU
		Release|x64 = Release|x64
	EndGlobalSection
	GlobalSection(ProjectConfigurationPlatforms) = postSolution
		{B7FC8D76-29D6-48E7-8012-72094EE1E374}.Debug|Any CPU.ActiveCfg = Debug|x64
		{B7FC8D76-29D6-48E7-8012-72094EE1E374}.Debug|Any CPU.Build.0 = Debug|x64
		{B7FC8D76-29D6-48E7-8012-72094EE1E374}.Debug|x64.ActiveCfg = Debug|x64
		{B7FC8D76-29D6-48E7-8012-72094EE1E374}.Debug|x64.Build.0 = Debug|x64
		{B7FC8D76-29D6-48E7-8012-72094EE1E374}.Release|Any CPU.ActiveCfg = Debug|x64
		{B7FC8D76-29D6-48E7-8012-72094EE1E374}.Release|Any CPU.Build.0 = Debug|x64
		{B7FC8D76-29D6-48E7-8012-72094EE1E374}.Release|x64.ActiveCfg = Debug|x64
		{B7FC8D76-29D6-48E7-8012-72094EE1E374}.Release|x64.Build.0 = Debug|x64
	EndGlobalSection
	GlobalSection(SolutionProperties) = preSolution
		HideSolutionNode = FALSE
	EndGlobalSection
	GlobalSection(ExtensibilityGlobals) = postSolution
		SolutionGuid = {225D0A62-3E07-45F2-8921-9F97DD19C12D}
	EndGlobalSection
EndGlobal
